
Microsoft Visual Studio Solution File, Format Version 12.00
# Visual Studio Version 16
VisualStudioVersion = 16.0.30011.22
MinimumVisualStudioVersion = 10.0.40219.1
Project("{FAE04EC0-301F-11D3-BF4B-00C04F79EFBC}") = "KopiCappocino", "KopiCappocino\KopiCappocino.csproj", "{293B5273-0C01-4360-8967-3B026A023785}"
EndProject
Global
	GlobalSection(SolutionConfigurationPlatforms) = preSolution
		Debug|Any CPU = Debug|Any CPU
		Release|Any CPU = Release|Any CPU
	EndGlobalSection
	GlobalSection(ProjectConfigurationPlatforms) = postSolution
		{293B5273-0C01-4360-8967-3B026A023785}.Debug|Any CPU.ActiveCfg = Debug|Any CPU
		{293B5273-0C01-4360-8967-3B026A023785}.Debug|Any CPU.Build.0 = Debug|Any CPU
		{293B5273-0C01-4360-8967-3B026A023785}.Release|Any CPU.ActiveCfg = Release|Any CPU
		{293B5273-0C01-4360-8967-3B026A023785}.Release|Any CPU.Build.0 = Release|Any CPU
	EndGlobalSection
	GlobalSection(SolutionProperties) = preSolution
		HideSolutionNode = FALSE
	EndGlobalSection
	GlobalSection(ExtensibilityGlobals) = postSolution
		SolutionGuid = {75B0C9EF-9CCD-4F75-AE32-60490A13037D}
	EndGlobalSection
EndGlobal
